PODS:
  - AXMagicIdentifiers (0.1.2)
  - FBSnapshotTestCase (1.8.1)
  - Kiwi (2.3.1)

DEPENDENCIES:
  - AXMagicIdentifiers (from `../`)
  - FBSnapshotTestCase
  - Kiwi

EXTERNAL SOURCES:
  AXMagicIdentifiers:
    :path: "../"

SPEC CHECKSUMS:
  AXMagicIdentifiers: efebadf040943310f1e1ac51e8d913d83d88bcf7
  FBSnapshotTestCase: 3dc3899168747a0319c5278f5b3445c13a6532dd
  Kiwi: f038a6c61f7a9e4d7766bff5717aa3b3fdb75f55

COCOAPODS: 0.37.1
